
Microsoft Visual Studio Solution File, Format Version 12.00
# Visual Studio 14
VisualStudioVersion = 14.0.25123.0
MinimumVisualStudioVersion = 10.0.40219.1
Project("{F088123C-0E9E-452A-89E6-6BA2F21D5CAC}") = "ProyectoExamen", "ProyectoExamen\ProyectoExamen.modelproj", "{B0FE75D1-00B7-4D28-8FC1-90F87E79C1FF}"
EndProject
Global
	GlobalSection(SolutionConfigurationPlatforms) = preSolution
		Debug|Any CPU = Debug|Any CPU
		Release|Any CPU = Release|Any CPU
	EndGlobalSection
	GlobalSection(ProjectConfigurationPlatforms) = postSolution
		{B0FE75D1-00B7-4D28-8FC1-90F87E79C1FF}.Debug|Any CPU.ActiveCfg = Debug|Any CPU
		{B0FE75D1-00B7-4D28-8FC1-90F87E79C1FF}.Debug|Any CPU.Build.0 = Debug|Any CPU
		{B0FE75D1-00B7-4D28-8FC1-90F87E79C1FF}.Release|Any CPU.ActiveCfg = Release|Any CPU
		{B0FE75D1-00B7-4D28-8FC1-90F87E79C1FF}.Release|Any CPU.Build.0 = Release|Any CPU
	EndGlobalSection
	GlobalSection(SolutionProperties) = preSolution
		HideSolutionNode = FALSE
	EndGlobalSection
EndGlobal
